
Microsoft Visual Studio Solution File, Format Version 12.00
# Visual Studio 2013
VisualStudioVersion = 12.0.31101.0
MinimumVisualStudioVersion = 10.0.40219.1
Project("{FAE04EC0-301F-11D3-BF4B-00C04F79EFBC}") = "SingleSignOn", "SingleSignOn\SingleSignOn.csproj", "{1BD83C4F-98F0-4C52-B396-2DF27B1CA2F7}"
EndProject
Project("{FAE04EC0-301F-11D3-BF4B-00C04F79EFBC}") = "TestConsole", "TestConsole\TestConsole.csproj", "{E206D585-87DD-49AE-928F-EBF8B0A62AF7}"
EndProject
Project("{2150E333-8FDC-42A3-9474-1A3956D46DE8}") = "Solution Items", "Solution Items", "{5F4C18D8-A685-40EB-8B45-0884EF8E9A13}"
	ProjectSection(SolutionItems) = preProject
		ReadMe.txt = ReadMe.txt
	EndProjectSection
EndProject
Global
	GlobalSection(SolutionConfigurationPlatforms) = preSolution
		Debug|Any CPU = Debug|Any CPU
		Release|Any CPU = Release|Any CPU
	EndGlobalSection
	GlobalSection(ProjectConfigurationPlatforms) = postSolution
		{1BD83C4F-98F0-4C52-B396-2DF27B1CA2F7}.Debug|Any CPU.ActiveCfg = Debug|Any CPU
		{1BD83C4F-98F0-4C52-B396-2DF27B1CA2F7}.Debug|Any CPU.Build.0 = Debug|Any CPU
		{1BD83C4F-98F0-4C52-B396-2DF27B1CA2F7}.Release|Any CPU.ActiveCfg = Release|Any CPU
		{1BD83C4F-98F0-4C52-B396-2DF27B1CA2F7}.Release|Any CPU.Build.0 = Release|Any CPU
		{E206D585-87DD-49AE-928F-EBF8B0A62AF7}.Debug|Any CPU.ActiveCfg = Debug|Any CPU
		{E206D585-87DD-49AE-928F-EBF8B0A62AF7}.Debug|Any CPU.Build.0 = Debug|Any CPU
		{E206D585-87DD-49AE-928F-EBF8B0A62AF7}.Release|Any CPU.ActiveCfg = Release|Any CPU
		{E206D585-87DD-49AE-928F-EBF8B0A62AF7}.Release|Any CPU.Build.0 = Release|Any CPU
	EndGlobalSection
	GlobalSection(SolutionProperties) = preSolution
		HideSolutionNode = FALSE
	EndGlobalSection
EndGlobal
